
Microsoft Visual Studio Solution File, Format Version 12.00
# Visual Studio Version 17
VisualStudioVersion = 17.7.34024.191
MinimumVisualStudioVersion = 10.0.40219.1
Project("{FAE04EC0-301F-11D3-BF4B-00C04F79EFBC}") = "MediTechSolution_mainProject.API", "MediTechSolution_mainProject.API\MediTechSolution_mainProject.API.csproj", "{BEA10911-2D6D-44C7-BE16-B7E1F4A93FEA}"
EndProject
Global
	GlobalSection(SolutionConfigurationPlatforms) = preSolution
		Debug|Any CPU = Debug|Any CPU
		Release|Any CPU = Release|Any CPU
	EndGlobalSection
	GlobalSection(ProjectConfigurationPlatforms) = postSolution
		{BEA10911-2D6D-44C7-BE16-B7E1F4A93FEA}.Debug|Any CPU.ActiveCfg = Debug|Any CPU
		{BEA10911-2D6D-44C7-BE16-B7E1F4A93FEA}.Debug|Any CPU.Build.0 = Debug|Any CPU
		{BEA10911-2D6D-44C7-BE16-B7E1F4A93FEA}.Release|Any CPU.ActiveCfg = Release|Any CPU
		{BEA10911-2D6D-44C7-BE16-B7E1F4A93FEA}.Release|Any CPU.Build.0 = Release|Any CPU
	EndGlobalSection
	GlobalSection(SolutionProperties) = preSolution
		HideSolutionNode = FALSE
	EndGlobalSection
	GlobalSection(ExtensibilityGlobals) = postSolution
		SolutionGuid = {BFAF6BFB-C908-4788-ADEC-882970902496}
	EndGlobalSection
EndGlobal
